{
  "requires": true,
  "lockfileVersion": 1,
  "dependencies": {
    "react-bootstrap-table2-filter": {
      "version": "0.3.0",
      "resolved": "https://registry.npmjs.org/react-bootstrap-table2-filter/-/react-bootstrap-table2-filter-0.3.0.tgz",
      "integrity": "sha1-k9ldEmYNRAB8T8XcHdc1AWa6A8U="
    },
    "react-bootstrap-table2-paginator": {
      "version": "0.1.6",
      "resolved": "https://registry.npmjs.org/react-bootstrap-table2-paginator/-/react-bootstrap-table2-paginator-0.1.6.tgz",
      "integrity": "sha1-ecd57wuhxVMLOVWc97TN6LwnTAQ="
    }
  }
}
